[root]
name = "ml"
version = "0.0.1"
dependencies = [
 "GSL 0.4.11 (git+https://github.com/GuillaumeGomez/rust-GSL.git)",
 "scirust 0.0.2 (git+https://github.com/indigits/scirust.git)",
]

[[package]]
name = "GSL"
version = "0.4.11"
source = "git+https://github.com/GuillaumeGomez/rust-GSL.git#38aff4905af99fced76b75ba05b2b0e24859608a"

[[package]]
name = "scirust"
version = "0.0.2"
source = "git+https://github.com/indigits/scirust.git#8b1a1b5a7b9287f864983d453b7540a0752b2dac"

